
Microsoft Visual Studio Solution File, Format Version 12.00
# Visual Studio Version 17
VisualStudioVersion = 17.6.33829.357
MinimumVisualStudioVersion = 10.0.40219.1
Project("{FAE04EC0-301F-11D3-BF4B-00C04F79EFBC}") = "ATIVIDADE 14", "ATIVIDADE 14\ATIVIDADE 14.csproj", "{4618D74F-1BAE-45EA-A365-3E7313C0E191}"
EndProject
Global
	GlobalSection(SolutionConfigurationPlatforms) = preSolution
		Debug|Any CPU = Debug|Any CPU
		Release|Any CPU = Release|Any CPU
	EndGlobalSection
	GlobalSection(ProjectConfigurationPlatforms) = postSolution
		{4618D74F-1BAE-45EA-A365-3E7313C0E191}.Debug|Any CPU.ActiveCfg = Debug|Any CPU
		{4618D74F-1BAE-45EA-A365-3E7313C0E191}.Debug|Any CPU.Build.0 = Debug|Any CPU
		{4618D74F-1BAE-45EA-A365-3E7313C0E191}.Release|Any CPU.ActiveCfg = Release|Any CPU
		{4618D74F-1BAE-45EA-A365-3E7313C0E191}.Release|Any CPU.Build.0 = Release|Any CPU
	EndGlobalSection
	GlobalSection(SolutionProperties) = preSolution
		HideSolutionNode = FALSE
	EndGlobalSection
	GlobalSection(ExtensibilityGlobals) = postSolution
		SolutionGuid = {B723800F-F194-4F39-8BA9-9671E3428179}
	EndGlobalSection
EndGlobal
