
Microsoft Visual Studio Solution File, Format Version 12.00
# Visual Studio Version 17
VisualStudioVersion = 17.6.33829.357
MinimumVisualStudioVersion = 10.0.40219.1
Project("{FAE04EC0-301F-11D3-BF4B-00C04F79EFBC}") = "ATIVIDADE 13", "ATIVIDADE 13\ATIVIDADE 13.csproj", "{AD464E14-5B36-4027-B16D-97022ECECE59}"
EndProject
Global
	GlobalSection(SolutionConfigurationPlatforms) = preSolution
		Debug|Any CPU = Debug|Any CPU
		Release|Any CPU = Release|Any CPU
	EndGlobalSection
	GlobalSection(ProjectConfigurationPlatforms) = postSolution
		{AD464E14-5B36-4027-B16D-97022ECECE59}.Debug|Any CPU.ActiveCfg = Debug|Any CPU
		{AD464E14-5B36-4027-B16D-97022ECECE59}.Debug|Any CPU.Build.0 = Debug|Any CPU
		{AD464E14-5B36-4027-B16D-97022ECECE59}.Release|Any CPU.ActiveCfg = Release|Any CPU
		{AD464E14-5B36-4027-B16D-97022ECECE59}.Release|Any CPU.Build.0 = Release|Any CPU
	EndGlobalSection
	GlobalSection(SolutionProperties) = preSolution
		HideSolutionNode = FALSE
	EndGlobalSection
	GlobalSection(ExtensibilityGlobals) = postSolution
		SolutionGuid = {A9C66CF5-8EA7-46D5-9B97-52EAD4E6861F}
	EndGlobalSection
EndGlobal
